
Microsoft Visual Studio Solution File, Format Version 12.00
# Visual Studio 2015
Project("{FAE04EC0-301F-11D3-BF4B-00C04F79EFBC}") = "AirplaneDroid", "AirplaneDroid.csproj", "{148BD858-66A5-7B16-4BF8-DA59F5488C34}"
EndProject
Project("{FAE04EC0-301F-11D3-BF4B-00C04F79EFBC}") = "AirplaneDroid.Editor", "AirplaneDroid.Editor.csproj", "{691AA1B5-2EDF-AA8F-3F7C-C6EBF1BEAAF9}"
EndProject
Global
	GlobalSection(SolutionConfigurationPlatforms) = preSolution
		Debug|Any CPU = Debug|Any CPU
		Release|Any CPU = Release|Any CPU
	EndGlobalSection
	GlobalSection(ProjectConfigurationPlatforms) = postSolution
		{148BD858-66A5-7B16-4BF8-DA59F5488C34}.Debug|Any CPU.ActiveCfg = Debug|Any CPU
		{148BD858-66A5-7B16-4BF8-DA59F5488C34}.Debug|Any CPU.Build.0 = Debug|Any CPU
		{148BD858-66A5-7B16-4BF8-DA59F5488C34}.Release|Any CPU.ActiveCfg = Release|Any CPU
		{148BD858-66A5-7B16-4BF8-DA59F5488C34}.Release|Any CPU.Build.0 = Release|Any CPU
		{691AA1B5-2EDF-AA8F-3F7C-C6EBF1BEAAF9}.Debug|Any CPU.ActiveCfg = Debug|Any CPU
		{691AA1B5-2EDF-AA8F-3F7C-C6EBF1BEAAF9}.Debug|Any CPU.Build.0 = Debug|Any CPU
		{691AA1B5-2EDF-AA8F-3F7C-C6EBF1BEAAF9}.Release|Any CPU.ActiveCfg = Release|Any CPU
		{691AA1B5-2EDF-AA8F-3F7C-C6EBF1BEAAF9}.Release|Any CPU.Build.0 = Release|Any CPU
	EndGlobalSection
	GlobalSection(SolutionProperties) = preSolution
		HideSolutionNode = FALSE
	EndGlobalSection
EndGlobal
